
Microsoft Visual Studio Solution File, Format Version 12.00
# Visual Studio Version 17
VisualStudioVersion = 17.14.36212.18
MinimumVisualStudioVersion = 10.0.40219.1
Project("{FAE04EC0-301F-11D3-BF4B-00C04F79EFBC}") = "ShowTime", "ShowTime\ShowTime\ShowTime.csproj", "{7AC4F61A-6E73-451D-9775-C92C9CF69F72}"
EndProject
Project("{FAE04EC0-301F-11D3-BF4B-00C04F79EFBC}") = "ShowTime.DataAccess", "ShowTimeDataAccess\ShowTime.DataAccess.csproj", "{ABD6176C-E8C2-4A7E-91AB-C963508595A3}"
EndProject
Project("{FAE04EC0-301F-11D3-BF4B-00C04F79EFBC}") = "ShowTime.BusinessLogic", "ShowTime.BusinessLogic\ShowTime.BusinessLogic.csproj", "{9477DA40-3FB1-4C35-94CB-CEA28E903D4E}"
	ProjectSection(ProjectDependencies) = postProject
		{ABD6176C-E8C2-4A7E-91AB-C963508595A3} = {ABD6176C-E8C2-4A7E-91AB-C963508595A3}
	EndProjectSection
EndProject
Global
	GlobalSection(SolutionConfigurationPlatforms) = preSolution
		Debug|Any CPU = Debug|Any CPU
		Release|Any CPU = Release|Any CPU
	EndGlobalSection
	GlobalSection(ProjectConfigurationPlatforms) = postSolution
		{7AC4F61A-6E73-451D-9775-C92C9CF69F72}.Debug|Any CPU.ActiveCfg = Debug|Any CPU
		{7AC4F61A-6E73-451D-9775-C92C9CF69F72}.Debug|Any CPU.Build.0 = Debug|Any CPU
		{7AC4F61A-6E73-451D-9775-C92C9CF69F72}.Release|Any CPU.ActiveCfg = Release|Any CPU
		{7AC4F61A-6E73-451D-9775-C92C9CF69F72}.Release|Any CPU.Build.0 = Release|Any CPU
		{ABD6176C-E8C2-4A7E-91AB-C963508595A3}.Debug|Any CPU.ActiveCfg = Debug|Any CPU
		{ABD6176C-E8C2-4A7E-91AB-C963508595A3}.Debug|Any CPU.Build.0 = Debug|Any CPU
		{ABD6176C-E8C2-4A7E-91AB-C963508595A3}.Release|Any CPU.ActiveCfg = Release|Any CPU
		{ABD6176C-E8C2-4A7E-91AB-C963508595A3}.Release|Any CPU.Build.0 = Release|Any CPU
		{9477DA40-3FB1-4C35-94CB-CEA28E903D4E}.Debug|Any CPU.ActiveCfg = Debug|Any CPU
		{9477DA40-3FB1-4C35-94CB-CEA28E903D4E}.Debug|Any CPU.Build.0 = Debug|Any CPU
		{9477DA40-3FB1-4C35-94CB-CEA28E903D4E}.Release|Any CPU.ActiveCfg = Release|Any CPU
		{9477DA40-3FB1-4C35-94CB-CEA28E903D4E}.Release|Any CPU.Build.0 = Release|Any CPU
	EndGlobalSection
	GlobalSection(SolutionProperties) = preSolution
		HideSolutionNode = FALSE
	EndGlobalSection
	GlobalSection(ExtensibilityGlobals) = postSolution
		SolutionGuid = {2E1AFEBD-75C2-4A5D-B0FE-F793551E8BDA}
	EndGlobalSection
EndGlobal
